PODS:
  - InsiderMobile (11.0.0)
  - SDKWithVungle (1.0.0):
    - SDKWithVungle/InsiderMobile (= 1.0.0)
  - SDKWithVungle/InsiderMobile (1.0.0):
    - InsiderMobile (= 11.0)

DEPENDENCIES:
  - "SDKWithVungle (from `git@github.com:SeanTrinhHai/PodFrameworkWithInsiderMobileDependency.git`)"

SPEC REPOS:
  trunk:
    - InsiderMobile

EXTERNAL SOURCES:
  SDKWithVungle:
    :git: "git@github.com:SeanTrinhHai/PodFrameworkWithInsiderMobileDependency.git"

CHECKOUT OPTIONS:
  SDKWithVungle:
    :commit: 1ac75f058cf616a28cfeb24b4e8b0bc068c649fa
    :git: "git@github.com:SeanTrinhHai/PodFrameworkWithInsiderMobileDependency.git"

SPEC CHECKSUMS:
  InsiderMobile: f43891fb4f780ee7d8bc3502eb763d5ec6f4c5b9
  SDKWithVungle: 2caf81ef31186fc75d412f1dbea67996651b4797

PODFILE CHECKSUM: 5a4a48fe1a71f0d3bbe70ff8baf47f310e5b7503

COCOAPODS: 1.11.3
